
Microsoft Visual Studio Solution File, Format Version 12.00
# Visual Studio 15
VisualStudioVersion = 15.0.28307.271
MinimumVisualStudioVersion = 10.0.40219.1
Project("{FAE04EC0-301F-11D3-BF4B-00C04F79EFBC}") = "DCS_AECIS", "DCS_AECIS\DCS_AECIS.csproj", "{E7156245-9D5D-40A5-80CE-7DA2E1D356FD}"
EndProject
Global
	GlobalSection(SolutionConfigurationPlatforms) = preSolution
		Debug|Any CPU = Debug|Any CPU
		Release|Any CPU = Release|Any CPU
	EndGlobalSection
	GlobalSection(ProjectConfigurationPlatforms) = postSolution
		{E7156245-9D5D-40A5-80CE-7DA2E1D356FD}.Debug|Any CPU.ActiveCfg = Debug|Any CPU
		{E7156245-9D5D-40A5-80CE-7DA2E1D356FD}.Debug|Any CPU.Build.0 = Debug|Any CPU
		{E7156245-9D5D-40A5-80CE-7DA2E1D356FD}.Release|Any CPU.ActiveCfg = Release|Any CPU
		{E7156245-9D5D-40A5-80CE-7DA2E1D356FD}.Release|Any CPU.Build.0 = Release|Any CPU
	EndGlobalSection
	GlobalSection(SolutionProperties) = preSolution
		HideSolutionNode = FALSE
	EndGlobalSection
	GlobalSection(ExtensibilityGlobals) = postSolution
		SolutionGuid = {70E751B3-1D3B-43FB-8962-1A23B4E66A09}
	EndGlobalSection
EndGlobal
